# This file is autogenerated, do not edit; changes may be undone by the next 'dep ensure'.


[[projects]]
  branch = "master"
  name = "github.com/facebookgo/inject"
  packages = ["."]
  revision = "cc1aa653e50f6a9893bcaef89e673e5b24e1e97b"

[[projects]]
  branch = "master"
  name = "github.com/facebookgo/structtag"
  packages = ["."]
  revision = "217e25fb96916cc60332e399c9aa63f5c422ceed"

[[projects]]
  name = "github.com/golang/protobuf"
  packages = ["proto"]
  revision = "b4deda0973fb4c70b50d226b1af49f3da59f5265"
  version = "v1.1.0"

[[projects]]
  name = "github.com/gorilla/context"
  packages = ["."]
  revision = "1ea25387ff6f684839d82767c1733ff4d4d15d0a"
  version = "v1.1"

[[projects]]
  name = "github.com/gorilla/handlers"
  packages = ["."]
  revision = "90663712d74cb411cbef281bc1e08c19d1a76145"
  version = "v1.3.0"

[[projects]]
  name = "github.com/gorilla/securecookie"
  packages = ["."]
  revision = "e59506cc896acb7f7bf732d4fdf5e25f7ccd8983"
  version = "v1.1.1"

[[projects]]
  name = "github.com/gorilla/sessions"
  packages = ["."]
  revision = "ca9ada44574153444b00d3fd9c8559e4cc95f896"
  version = "v1.1"

[[projects]]
  branch = "master"
  name = "github.com/lib/pq"
  packages = [
    ".",
    "oid"
  ]
  revision = "d34b9ff171c21ad295489235aec8b6626023cd04"

[[projects]]
  name = "github.com/sirupsen/logrus"
  packages = ["."]
  revision = "c155da19408a8799da419ed3eeb0cb5db0ad5dbc"
  version = "v1.0.5"

[[projects]]
  branch = "master"
  name = "golang.org/x/crypto"
  packages = ["ssh/terminal"]
  revision = "db7d12313a59cd5b727192a287195e2cdfa40049"

[[projects]]
  branch = "master"
  name = "golang.org/x/net"
  packages = [
    "context",
    "context/ctxhttp"
  ]
  revision = "5f9ae10d9af5b1c89ae6904293b14b064d4ada23"

[[projects]]
  branch = "master"
  name = "golang.org/x/oauth2"
  packages = [
    ".",
    "internal"
  ]
  revision = "6881fee410a5daf86371371f9ad451b95e168b71"

[[projects]]
  branch = "master"
  name = "golang.org/x/sys"
  packages = [
    "unix",
    "windows"
  ]
  revision = "f67ecc163a74fbeea4cb1db0a101dcd07201464a"

[[projects]]
  name = "golang.ysitd.cloud/db"
  packages = ["."]
  revision = "4c1ee5c9c27eacbca23595d3dd3382d556ece59a"
  version = "1.0.0"

[[projects]]
  name = "golang.ysitd.cloud/io"
  packages = ["."]
  revision = "7629cb89c615b54847b574835b27cd07b5c8535f"
  version = "1.0.0"

[[projects]]
  name = "golang.ysitd.cloud/log"
  packages = ["."]
  revision = "10349ab92cc703e7332cca7f61867b67ec92e6fe"
  version = "1.0.0"

[[projects]]
  name = "google.golang.org/appengine"
  packages = [
    "internal",
    "internal/base",
    "internal/datastore",
    "internal/log",
    "internal/remote_api",
    "internal/urlfetch",
    "urlfetch"
  ]
  revision = "150dc57a1b433e64154302bdc40b6bb8aefa313a"
  version = "v1.0.0"

[solve-meta]
  analyzer-name = "dep"
  analyzer-version = 1
  inputs-digest = "783ab6cff4fc7d6adfdad035a3d143a272879e96e42d9868ebf0196316f02aa3"
  solver-name = "gps-cdcl"
  solver-version = 1
